
Microsoft Visual Studio Solution File, Format Version 12.00
# Visual Studio Version 16
VisualStudioVersion = 16.0.29102.190
MinimumVisualStudioVersion = 10.0.40219.1
Project("{9A19103F-16F7-4668-BE54-9A1E7A4F7556}") = "Find", "ConsoleApp4\Find.csproj", "{9E1E6A36-C053-4532-B2E8-0B96693DB744}"
EndProject
Project("{9A19103F-16F7-4668-BE54-9A1E7A4F7556}") = "ConsoleApp1", "ConsoleApp1\ConsoleApp1.csproj", "{F18D4152-8D0D-4193-A841-950F6A85B124}"
EndProject
Project("{9A19103F-16F7-4668-BE54-9A1E7A4F7556}") = "UnionComplex", "ConsoleApp2\UnionComplex.csproj", "{8BD92ACD-9D7A-49E9-B1B5-F89119A97525}"
EndProject
Project("{9A19103F-16F7-4668-BE54-9A1E7A4F7556}") = "ConsoleApp3", "ConsoleApp3\ConsoleApp3.csproj", "{48E713C8-3757-4829-BA15-4835872CB85E}"
EndProject
Project("{9A19103F-16F7-4668-BE54-9A1E7A4F7556}") = "FirstOrDefault", "ConsoleApp5\FirstOrDefault.csproj", "{0D0DC6D7-6FCC-4E7E-B4C5-A3ADD62AEF27}"
EndProject
Project("{9A19103F-16F7-4668-BE54-9A1E7A4F7556}") = "ConsoleApp6", "ConsoleApp6\ConsoleApp6.csproj", "{DA80D11B-F454-4267-A371-984D8E124EB3}"
EndProject
Project("{9A19103F-16F7-4668-BE54-9A1E7A4F7556}") = "Filter", "ConsoleApp7\Filter.csproj", "{1244B085-AE52-47EA-9010-FE6B096F8781}"
EndProject
Project("{9A19103F-16F7-4668-BE54-9A1E7A4F7556}") = "UseWhere2", "ConsoleApp8\UseWhere2.csproj", "{5D2FB476-FDFA-4E7E-9100-2BA73379223F}"
EndProject
Project("{9A19103F-16F7-4668-BE54-9A1E7A4F7556}") = "Contains", "ConsoleApp9\Contains.csproj", "{0ABE86F1-7699-4AFD-A9D8-8A162FC08EAD}"
EndProject
Project("{9A19103F-16F7-4668-BE54-9A1E7A4F7556}") = "LinqToObjSort", "ConsoleApp10\LinqToObjSort.csproj", "{2C3C7F70-ECA2-4AD8-8F06-64ADDB1320ED}"
EndProject
Project("{9A19103F-16F7-4668-BE54-9A1E7A4F7556}") = "LinqToObjSelect", "ConsoleApp11\LinqToObjSelect.csproj", "{76759A49-1804-4B65-ACE2-3F4DDEEC2647}"
EndProject
Project("{9A19103F-16F7-4668-BE54-9A1E7A4F7556}") = "LinqToObjSelectMany", "LinqToObjSelectMany\LinqToObjSelectMany.csproj", "{428E3042-8A82-458C-8530-A7B301F3C6B7}"
EndProject
Project("{9A19103F-16F7-4668-BE54-9A1E7A4F7556}") = "FindInFiles", "FindInFiles\FindInFiles.csproj", "{F6D8325A-B1AB-4E0D-B401-1ABF95F10B2A}"
EndProject
Project("{9A19103F-16F7-4668-BE54-9A1E7A4F7556}") = "LinqToObjSelectInto", "LinqToObjSelectInto\LinqToObjSelectInto.csproj", "{097918B5-BF05-4422-989B-595DAC2144C7}"
EndProject
Project("{9A19103F-16F7-4668-BE54-9A1E7A4F7556}") = "TakeSkipWhile", "TakeSkipWhile\TakeSkipWhile.csproj", "{6BE19D4E-4D1A-4535-A354-56CC7E87AE65}"
EndProject
Project("{9A19103F-16F7-4668-BE54-9A1E7A4F7556}") = "TakeSkipWhileLab", "TakeSkipWhileLab\TakeSkipWhileLab.csproj", "{212D2C14-30E6-4D6D-A560-25C3EEA95332}"
EndProject
Project("{9A19103F-16F7-4668-BE54-9A1E7A4F7556}") = "LinqToObjectExcept", "LinqToObjectExcept\LinqToObjectExcept.csproj", "{3B872A1C-4658-495E-ADB6-4D8559D7C71C}"
EndProject
Project("{9A19103F-16F7-4668-BE54-9A1E7A4F7556}") = "LinqToObjExcept2", "LinqToObjExcept2\LinqToObjExcept2.csproj", "{1880E00C-AEAE-473C-9CF5-5C2E7C0D368A}"
EndProject
Project("{9A19103F-16F7-4668-BE54-9A1E7A4F7556}") = "LinqToObjDistinct", "LinqToObjDistinct\LinqToObjDistinct.csproj", "{90B54332-F893-44AB-A01A-C6272BA21234}"
EndProject
Project("{FAE04EC0-301F-11D3-BF4B-00C04F79EFBC}") = "執行成本", "ConsoleApp12\執行成本.csproj", "{BBFDFF07-BBD1-4AAF-96E0-F58E30A38E22}"
EndProject
Project("{FAE04EC0-301F-11D3-BF4B-00C04F79EFBC}") = "Reverse", "Reverse\Reverse.csproj", "{FB9DB9E0-1F35-4144-9D8F-04921968EE15}"
EndProject
Project("{FAE04EC0-301F-11D3-BF4B-00C04F79EFBC}") = "MyEnumerable", "MyEnumerable\MyEnumerable.csproj", "{03A8CC83-99C9-46B1-94C5-5629FE807956}"
EndProject
Project("{FAE04EC0-301F-11D3-BF4B-00C04F79EFBC}") = "Zip", "Zip\Zip.csproj", "{17F37C5C-FFA3-4724-8CB1-4129A9D376E6}"
EndProject
Project("{FAE04EC0-301F-11D3-BF4B-00C04F79EFBC}") = "ToDictionary", "ToDictionary\ToDictionary.csproj", "{6B215E2E-D9EA-46FD-9A17-1174AB8443A3}"
EndProject
Project("{FAE04EC0-301F-11D3-BF4B-00C04F79EFBC}") = "ToDictionaryComparer", "ToDictionaryComparer\ToDictionaryComparer.csproj", "{3D1CFCF2-97F5-4C4A-B563-B03EEA2CA33E}"
EndProject
Project("{FAE04EC0-301F-11D3-BF4B-00C04F79EFBC}") = "ToLoopUp", "ToLoopUp\ToLoopUp.csproj", "{D2AEF25E-54BB-4823-9F21-763D925B2F68}"
EndProject
Project("{FAE04EC0-301F-11D3-BF4B-00C04F79EFBC}") = "AsEnumerable", "AsEnumerable\AsEnumerable.csproj", "{DDAA8448-0B64-4238-8839-ABEE386359AC}"
EndProject
Project("{FAE04EC0-301F-11D3-BF4B-00C04F79EFBC}") = "Join", "Join\Join.csproj", "{B18C1A7B-A3E8-4978-A1E1-5827E770A033}"
EndProject
Project("{FAE04EC0-301F-11D3-BF4B-00C04F79EFBC}") = "JoinOwn", "JoinOwn\JoinOwn.csproj", "{37F02108-FCC3-4AB2-AB5B-1A2AFD4033C9}"
EndProject
Global
	GlobalSection(SolutionConfigurationPlatforms) = preSolution
		Debug|Any CPU = Debug|Any CPU
		Release|Any CPU = Release|Any CPU
	EndGlobalSection
	GlobalSection(ProjectConfigurationPlatforms) = postSolution
		{9E1E6A36-C053-4532-B2E8-0B96693DB744}.Debug|Any CPU.ActiveCfg = Debug|Any CPU
		{9E1E6A36-C053-4532-B2E8-0B96693DB744}.Debug|Any CPU.Build.0 = Debug|Any CPU
		{9E1E6A36-C053-4532-B2E8-0B96693DB744}.Release|Any CPU.ActiveCfg = Release|Any CPU
		{9E1E6A36-C053-4532-B2E8-0B96693DB744}.Release|Any CPU.Build.0 = Release|Any CPU
		{F18D4152-8D0D-4193-A841-950F6A85B124}.Debug|Any CPU.ActiveCfg = Debug|Any CPU
		{F18D4152-8D0D-4193-A841-950F6A85B124}.Debug|Any CPU.Build.0 = Debug|Any CPU
		{F18D4152-8D0D-4193-A841-950F6A85B124}.Release|Any CPU.ActiveCfg = Release|Any CPU
		{F18D4152-8D0D-4193-A841-950F6A85B124}.Release|Any CPU.Build.0 = Release|Any CPU
		{8BD92ACD-9D7A-49E9-B1B5-F89119A97525}.Debug|Any CPU.ActiveCfg = Debug|Any CPU
		{8BD92ACD-9D7A-49E9-B1B5-F89119A97525}.Debug|Any CPU.Build.0 = Debug|Any CPU
		{8BD92ACD-9D7A-49E9-B1B5-F89119A97525}.Release|Any CPU.ActiveCfg = Release|Any CPU
		{8BD92ACD-9D7A-49E9-B1B5-F89119A97525}.Release|Any CPU.Build.0 = Release|Any CPU
		{48E713C8-3757-4829-BA15-4835872CB85E}.Debug|Any CPU.ActiveCfg = Debug|Any CPU
		{48E713C8-3757-4829-BA15-4835872CB85E}.Debug|Any CPU.Build.0 = Debug|Any CPU
		{48E713C8-3757-4829-BA15-4835872CB85E}.Release|Any CPU.ActiveCfg = Release|Any CPU
		{48E713C8-3757-4829-BA15-4835872CB85E}.Release|Any CPU.Build.0 = Release|Any CPU
		{0D0DC6D7-6FCC-4E7E-B4C5-A3ADD62AEF27}.Debug|Any CPU.ActiveCfg = Debug|Any CPU
		{0D0DC6D7-6FCC-4E7E-B4C5-A3ADD62AEF27}.Debug|Any CPU.Build.0 = Debug|Any CPU
		{0D0DC6D7-6FCC-4E7E-B4C5-A3ADD62AEF27}.Release|Any CPU.ActiveCfg = Release|Any CPU
		{0D0DC6D7-6FCC-4E7E-B4C5-A3ADD62AEF27}.Release|Any CPU.Build.0 = Release|Any CPU
		{DA80D11B-F454-4267-A371-984D8E124EB3}.Debug|Any CPU.ActiveCfg = Debug|Any CPU
		{DA80D11B-F454-4267-A371-984D8E124EB3}.Debug|Any CPU.Build.0 = Debug|Any CPU
		{DA80D11B-F454-4267-A371-984D8E124EB3}.Release|Any CPU.ActiveCfg = Release|Any CPU
		{DA80D11B-F454-4267-A371-984D8E124EB3}.Release|Any CPU.Build.0 = Release|Any CPU
		{1244B085-AE52-47EA-9010-FE6B096F8781}.Debug|Any CPU.ActiveCfg = Debug|Any CPU
		{1244B085-AE52-47EA-9010-FE6B096F8781}.Debug|Any CPU.Build.0 = Debug|Any CPU
		{1244B085-AE52-47EA-9010-FE6B096F8781}.Release|Any CPU.ActiveCfg = Release|Any CPU
		{1244B085-AE52-47EA-9010-FE6B096F8781}.Release|Any CPU.Build.0 = Release|Any CPU
		{5D2FB476-FDFA-4E7E-9100-2BA73379223F}.Debug|Any CPU.ActiveCfg = Debug|Any CPU
		{5D2FB476-FDFA-4E7E-9100-2BA73379223F}.Debug|Any CPU.Build.0 = Debug|Any CPU
		{5D2FB476-FDFA-4E7E-9100-2BA73379223F}.Release|Any CPU.ActiveCfg = Release|Any CPU
		{5D2FB476-FDFA-4E7E-9100-2BA73379223F}.Release|Any CPU.Build.0 = Release|Any CPU
		{0ABE86F1-7699-4AFD-A9D8-8A162FC08EAD}.Debug|Any CPU.ActiveCfg = Debug|Any CPU
		{0ABE86F1-7699-4AFD-A9D8-8A162FC08EAD}.Debug|Any CPU.Build.0 = Debug|Any CPU
		{0ABE86F1-7699-4AFD-A9D8-8A162FC08EAD}.Release|Any CPU.ActiveCfg = Release|Any CPU
		{0ABE86F1-7699-4AFD-A9D8-8A162FC08EAD}.Release|Any CPU.Build.0 = Release|Any CPU
		{2C3C7F70-ECA2-4AD8-8F06-64ADDB1320ED}.Debug|Any CPU.ActiveCfg = Debug|Any CPU
		{2C3C7F70-ECA2-4AD8-8F06-64ADDB1320ED}.Debug|Any CPU.Build.0 = Debug|Any CPU
		{2C3C7F70-ECA2-4AD8-8F06-64ADDB1320ED}.Release|Any CPU.ActiveCfg = Release|Any CPU
		{2C3C7F70-ECA2-4AD8-8F06-64ADDB1320ED}.Release|Any CPU.Build.0 = Release|Any CPU
		{76759A49-1804-4B65-ACE2-3F4DDEEC2647}.Debug|Any CPU.ActiveCfg = Debug|Any CPU
		{76759A49-1804-4B65-ACE2-3F4DDEEC2647}.Debug|Any CPU.Build.0 = Debug|Any CPU
		{76759A49-1804-4B65-ACE2-3F4DDEEC2647}.Release|Any CPU.ActiveCfg = Release|Any CPU
		{76759A49-1804-4B65-ACE2-3F4DDEEC2647}.Release|Any CPU.Build.0 = Release|Any CPU
		{428E3042-8A82-458C-8530-A7B301F3C6B7}.Debug|Any CPU.ActiveCfg = Debug|Any CPU
		{428E3042-8A82-458C-8530-A7B301F3C6B7}.Debug|Any CPU.Build.0 = Debug|Any CPU
		{428E3042-8A82-458C-8530-A7B301F3C6B7}.Release|Any CPU.ActiveCfg = Release|Any CPU
		{428E3042-8A82-458C-8530-A7B301F3C6B7}.Release|Any CPU.Build.0 = Release|Any CPU
		{F6D8325A-B1AB-4E0D-B401-1ABF95F10B2A}.Debug|Any CPU.ActiveCfg = Debug|Any CPU
		{F6D8325A-B1AB-4E0D-B401-1ABF95F10B2A}.Debug|Any CPU.Build.0 = Debug|Any CPU
		{F6D8325A-B1AB-4E0D-B401-1ABF95F10B2A}.Release|Any CPU.ActiveCfg = Release|Any CPU
		{F6D8325A-B1AB-4E0D-B401-1ABF95F10B2A}.Release|Any CPU.Build.0 = Release|Any CPU
		{097918B5-BF05-4422-989B-595DAC2144C7}.Debug|Any CPU.ActiveCfg = Debug|Any CPU
		{097918B5-BF05-4422-989B-595DAC2144C7}.Debug|Any CPU.Build.0 = Debug|Any CPU
		{097918B5-BF05-4422-989B-595DAC2144C7}.Release|Any CPU.ActiveCfg = Release|Any CPU
		{097918B5-BF05-4422-989B-595DAC2144C7}.Release|Any CPU.Build.0 = Release|Any CPU
		{6BE19D4E-4D1A-4535-A354-56CC7E87AE65}.Debug|Any CPU.ActiveCfg = Debug|Any CPU
		{6BE19D4E-4D1A-4535-A354-56CC7E87AE65}.Debug|Any CPU.Build.0 = Debug|Any CPU
		{6BE19D4E-4D1A-4535-A354-56CC7E87AE65}.Release|Any CPU.ActiveCfg = Release|Any CPU
		{6BE19D4E-4D1A-4535-A354-56CC7E87AE65}.Release|Any CPU.Build.0 = Release|Any CPU
		{212D2C14-30E6-4D6D-A560-25C3EEA95332}.Debug|Any CPU.ActiveCfg = Debug|Any CPU
		{212D2C14-30E6-4D6D-A560-25C3EEA95332}.Debug|Any CPU.Build.0 = Debug|Any CPU
		{212D2C14-30E6-4D6D-A560-25C3EEA95332}.Release|Any CPU.ActiveCfg = Release|Any CPU
		{212D2C14-30E6-4D6D-A560-25C3EEA95332}.Release|Any CPU.Build.0 = Release|Any CPU
		{3B872A1C-4658-495E-ADB6-4D8559D7C71C}.Debug|Any CPU.ActiveCfg = Debug|Any CPU
		{3B872A1C-4658-495E-ADB6-4D8559D7C71C}.Debug|Any CPU.Build.0 = Debug|Any CPU
		{3B872A1C-4658-495E-ADB6-4D8559D7C71C}.Release|Any CPU.ActiveCfg = Release|Any CPU
		{3B872A1C-4658-495E-ADB6-4D8559D7C71C}.Release|Any CPU.Build.0 = Release|Any CPU
		{1880E00C-AEAE-473C-9CF5-5C2E7C0D368A}.Debug|Any CPU.ActiveCfg = Debug|Any CPU
		{1880E00C-AEAE-473C-9CF5-5C2E7C0D368A}.Debug|Any CPU.Build.0 = Debug|Any CPU
		{1880E00C-AEAE-473C-9CF5-5C2E7C0D368A}.Release|Any CPU.ActiveCfg = Release|Any CPU
		{1880E00C-AEAE-473C-9CF5-5C2E7C0D368A}.Release|Any CPU.Build.0 = Release|Any CPU
		{90B54332-F893-44AB-A01A-C6272BA21234}.Debug|Any CPU.ActiveCfg = Debug|Any CPU
		{90B54332-F893-44AB-A01A-C6272BA21234}.Debug|Any CPU.Build.0 = Debug|Any CPU
		{90B54332-F893-44AB-A01A-C6272BA21234}.Release|Any CPU.ActiveCfg = Release|Any CPU
		{90B54332-F893-44AB-A01A-C6272BA21234}.Release|Any CPU.Build.0 = Release|Any CPU
		{BBFDFF07-BBD1-4AAF-96E0-F58E30A38E22}.Debug|Any CPU.ActiveCfg = Debug|Any CPU
		{BBFDFF07-BBD1-4AAF-96E0-F58E30A38E22}.Debug|Any CPU.Build.0 = Debug|Any CPU
		{BBFDFF07-BBD1-4AAF-96E0-F58E30A38E22}.Release|Any CPU.ActiveCfg = Release|Any CPU
		{BBFDFF07-BBD1-4AAF-96E0-F58E30A38E22}.Release|Any CPU.Build.0 = Release|Any CPU
		{FB9DB9E0-1F35-4144-9D8F-04921968EE15}.Debug|Any CPU.ActiveCfg = Debug|Any CPU
		{FB9DB9E0-1F35-4144-9D8F-04921968EE15}.Debug|Any CPU.Build.0 = Debug|Any CPU
		{FB9DB9E0-1F35-4144-9D8F-04921968EE15}.Release|Any CPU.ActiveCfg = Release|Any CPU
		{FB9DB9E0-1F35-4144-9D8F-04921968EE15}.Release|Any CPU.Build.0 = Release|Any CPU
		{03A8CC83-99C9-46B1-94C5-5629FE807956}.Debug|Any CPU.ActiveCfg = Debug|Any CPU
		{03A8CC83-99C9-46B1-94C5-5629FE807956}.Debug|Any CPU.Build.0 = Debug|Any CPU
		{03A8CC83-99C9-46B1-94C5-5629FE807956}.Release|Any CPU.ActiveCfg = Release|Any CPU
		{03A8CC83-99C9-46B1-94C5-5629FE807956}.Release|Any CPU.Build.0 = Release|Any CPU
		{17F37C5C-FFA3-4724-8CB1-4129A9D376E6}.Debug|Any CPU.ActiveCfg = Debug|Any CPU
		{17F37C5C-FFA3-4724-8CB1-4129A9D376E6}.Debug|Any CPU.Build.0 = Debug|Any CPU
		{17F37C5C-FFA3-4724-8CB1-4129A9D376E6}.Release|Any CPU.ActiveCfg = Release|Any CPU
		{17F37C5C-FFA3-4724-8CB1-4129A9D376E6}.Release|Any CPU.Build.0 = Release|Any CPU
		{6B215E2E-D9EA-46FD-9A17-1174AB8443A3}.Debug|Any CPU.ActiveCfg = Debug|Any CPU
		{6B215E2E-D9EA-46FD-9A17-1174AB8443A3}.Debug|Any CPU.Build.0 = Debug|Any CPU
		{6B215E2E-D9EA-46FD-9A17-1174AB8443A3}.Release|Any CPU.ActiveCfg = Release|Any CPU
		{6B215E2E-D9EA-46FD-9A17-1174AB8443A3}.Release|Any CPU.Build.0 = Release|Any CPU
		{3D1CFCF2-97F5-4C4A-B563-B03EEA2CA33E}.Debug|Any CPU.ActiveCfg = Debug|Any CPU
		{3D1CFCF2-97F5-4C4A-B563-B03EEA2CA33E}.Debug|Any CPU.Build.0 = Debug|Any CPU
		{3D1CFCF2-97F5-4C4A-B563-B03EEA2CA33E}.Release|Any CPU.ActiveCfg = Release|Any CPU
		{3D1CFCF2-97F5-4C4A-B563-B03EEA2CA33E}.Release|Any CPU.Build.0 = Release|Any CPU
		{D2AEF25E-54BB-4823-9F21-763D925B2F68}.Debug|Any CPU.ActiveCfg = Debug|Any CPU
		{D2AEF25E-54BB-4823-9F21-763D925B2F68}.Debug|Any CPU.Build.0 = Debug|Any CPU
		{D2AEF25E-54BB-4823-9F21-763D925B2F68}.Release|Any CPU.ActiveCfg = Release|Any CPU
		{D2AEF25E-54BB-4823-9F21-763D925B2F68}.Release|Any CPU.Build.0 = Release|Any CPU
		{DDAA8448-0B64-4238-8839-ABEE386359AC}.Debug|Any CPU.ActiveCfg = Debug|Any CPU
		{DDAA8448-0B64-4238-8839-ABEE386359AC}.Debug|Any CPU.Build.0 = Debug|Any CPU
		{DDAA8448-0B64-4238-8839-ABEE386359AC}.Release|Any CPU.ActiveCfg = Release|Any CPU
		{DDAA8448-0B64-4238-8839-ABEE386359AC}.Release|Any CPU.Build.0 = Release|Any CPU
		{B18C1A7B-A3E8-4978-A1E1-5827E770A033}.Debug|Any CPU.ActiveCfg = Debug|Any CPU
		{B18C1A7B-A3E8-4978-A1E1-5827E770A033}.Debug|Any CPU.Build.0 = Debug|Any CPU
		{B18C1A7B-A3E8-4978-A1E1-5827E770A033}.Release|Any CPU.ActiveCfg = Release|Any CPU
		{B18C1A7B-A3E8-4978-A1E1-5827E770A033}.Release|Any CPU.Build.0 = Release|Any CPU
		{37F02108-FCC3-4AB2-AB5B-1A2AFD4033C9}.Debug|Any CPU.ActiveCfg = Debug|Any CPU
		{37F02108-FCC3-4AB2-AB5B-1A2AFD4033C9}.Debug|Any CPU.Build.0 = Debug|Any CPU
		{37F02108-FCC3-4AB2-AB5B-1A2AFD4033C9}.Release|Any CPU.ActiveCfg = Release|Any CPU
		{37F02108-FCC3-4AB2-AB5B-1A2AFD4033C9}.Release|Any CPU.Build.0 = Release|Any CPU
	EndGlobalSection
	GlobalSection(SolutionProperties) = preSolution
		HideSolutionNode = FALSE
	EndGlobalSection
	GlobalSection(ExtensibilityGlobals) = postSolution
		SolutionGuid = {868C3A8A-9AEB-4F47-9E02-9A7F04690E94}
	EndGlobalSection
EndGlobal
