
Microsoft Visual Studio Solution File, Format Version 12.00
# Visual Studio Version 16
VisualStudioVersion = 16.0.29102.190
MinimumVisualStudioVersion = 10.0.40219.1
Project("{9A19103F-16F7-4668-BE54-9A1E7A4F7556}") = "ConsoleApp4", "ConsoleApp4\ConsoleApp4.csproj", "{9E1E6A36-C053-4532-B2E8-0B96693DB744}"
EndProject
Project("{9A19103F-16F7-4668-BE54-9A1E7A4F7556}") = "ConsoleApp1", "ConsoleApp1\ConsoleApp1.csproj", "{F18D4152-8D0D-4193-A841-950F6A85B124}"
EndProject
Project("{9A19103F-16F7-4668-BE54-9A1E7A4F7556}") = "ConsoleApp2", "ConsoleApp2\ConsoleApp2.csproj", "{8BD92ACD-9D7A-49E9-B1B5-F89119A97525}"
EndProject
Project("{9A19103F-16F7-4668-BE54-9A1E7A4F7556}") = "ConsoleApp3", "ConsoleApp3\ConsoleApp3.csproj", "{48E713C8-3757-4829-BA15-4835872CB85E}"
EndProject
Project("{9A19103F-16F7-4668-BE54-9A1E7A4F7556}") = "ConsoleApp5", "ConsoleApp5\ConsoleApp5.csproj", "{0D0DC6D7-6FCC-4E7E-B4C5-A3ADD62AEF27}"
EndProject
Project("{9A19103F-16F7-4668-BE54-9A1E7A4F7556}") = "ConsoleApp6", "ConsoleApp6\ConsoleApp6.csproj", "{DA80D11B-F454-4267-A371-984D8E124EB3}"
EndProject
Project("{9A19103F-16F7-4668-BE54-9A1E7A4F7556}") = "ConsoleApp7", "ConsoleApp7\ConsoleApp7.csproj", "{1244B085-AE52-47EA-9010-FE6B096F8781}"
EndProject
Project("{FAE04EC0-301F-11D3-BF4B-00C04F79EFBC}") = "ConsoleApp8", "ConsoleApp8\ConsoleApp8.csproj", "{5D2FB476-FDFA-4E7E-9100-2BA73379223F}"
EndProject
Project("{FAE04EC0-301F-11D3-BF4B-00C04F79EFBC}") = "ConsoleApp9", "ConsoleApp9\ConsoleApp9.csproj", "{0ABE86F1-7699-4AFD-A9D8-8A162FC08EAD}"
EndProject
Project("{FAE04EC0-301F-11D3-BF4B-00C04F79EFBC}") = "LinqToObjSort", "ConsoleApp10\LinqToObjSort.csproj", "{2C3C7F70-ECA2-4AD8-8F06-64ADDB1320ED}"
EndProject
Project("{FAE04EC0-301F-11D3-BF4B-00C04F79EFBC}") = "LinqToObjSelect", "ConsoleApp11\LinqToObjSelect.csproj", "{76759A49-1804-4B65-ACE2-3F4DDEEC2647}"
EndProject
Project("{FAE04EC0-301F-11D3-BF4B-00C04F79EFBC}") = "LinqToObjSelectMany", "LinqToObjSelectMany\LinqToObjSelectMany.csproj", "{428E3042-8A82-458C-8530-A7B301F3C6B7}"
EndProject
Project("{FAE04EC0-301F-11D3-BF4B-00C04F79EFBC}") = "FindInFiles", "FindInFiles\FindInFiles.csproj", "{F6D8325A-B1AB-4E0D-B401-1ABF95F10B2A}"
EndProject
Project("{FAE04EC0-301F-11D3-BF4B-00C04F79EFBC}") = "LinqToObjSelectInto", "LinqToObjSelectInto\LinqToObjSelectInto.csproj", "{097918B5-BF05-4422-989B-595DAC2144C7}"
EndProject
Project("{FAE04EC0-301F-11D3-BF4B-00C04F79EFBC}") = "TakeSkipWhile", "TakeSkipWhile\TakeSkipWhile.csproj", "{6BE19D4E-4D1A-4535-A354-56CC7E87AE65}"
EndProject
Project("{FAE04EC0-301F-11D3-BF4B-00C04F79EFBC}") = "TakeSkipWhileLab", "TakeSkipWhileLab\TakeSkipWhileLab.csproj", "{212D2C14-30E6-4D6D-A560-25C3EEA95332}"
EndProject
Global
	GlobalSection(SolutionConfigurationPlatforms) = preSolution
		Debug|Any CPU = Debug|Any CPU
		Release|Any CPU = Release|Any CPU
	EndGlobalSection
	GlobalSection(ProjectConfigurationPlatforms) = postSolution
		{9E1E6A36-C053-4532-B2E8-0B96693DB744}.Debug|Any CPU.ActiveCfg = Debug|Any CPU
		{9E1E6A36-C053-4532-B2E8-0B96693DB744}.Debug|Any CPU.Build.0 = Debug|Any CPU
		{9E1E6A36-C053-4532-B2E8-0B96693DB744}.Release|Any CPU.ActiveCfg = Release|Any CPU
		{9E1E6A36-C053-4532-B2E8-0B96693DB744}.Release|Any CPU.Build.0 = Release|Any CPU
		{F18D4152-8D0D-4193-A841-950F6A85B124}.Debug|Any CPU.ActiveCfg = Debug|Any CPU
		{F18D4152-8D0D-4193-A841-950F6A85B124}.Debug|Any CPU.Build.0 = Debug|Any CPU
		{F18D4152-8D0D-4193-A841-950F6A85B124}.Release|Any CPU.ActiveCfg = Release|Any CPU
		{F18D4152-8D0D-4193-A841-950F6A85B124}.Release|Any CPU.Build.0 = Release|Any CPU
		{8BD92ACD-9D7A-49E9-B1B5-F89119A97525}.Debug|Any CPU.ActiveCfg = Debug|Any CPU
		{8BD92ACD-9D7A-49E9-B1B5-F89119A97525}.Debug|Any CPU.Build.0 = Debug|Any CPU
		{8BD92ACD-9D7A-49E9-B1B5-F89119A97525}.Release|Any CPU.ActiveCfg = Release|Any CPU
		{8BD92ACD-9D7A-49E9-B1B5-F89119A97525}.Release|Any CPU.Build.0 = Release|Any CPU
		{48E713C8-3757-4829-BA15-4835872CB85E}.Debug|Any CPU.ActiveCfg = Debug|Any CPU
		{48E713C8-3757-4829-BA15-4835872CB85E}.Debug|Any CPU.Build.0 = Debug|Any CPU
		{48E713C8-3757-4829-BA15-4835872CB85E}.Release|Any CPU.ActiveCfg = Release|Any CPU
		{48E713C8-3757-4829-BA15-4835872CB85E}.Release|Any CPU.Build.0 = Release|Any CPU
		{0D0DC6D7-6FCC-4E7E-B4C5-A3ADD62AEF27}.Debug|Any CPU.ActiveCfg = Debug|Any CPU
		{0D0DC6D7-6FCC-4E7E-B4C5-A3ADD62AEF27}.Debug|Any CPU.Build.0 = Debug|Any CPU
		{0D0DC6D7-6FCC-4E7E-B4C5-A3ADD62AEF27}.Release|Any CPU.ActiveCfg = Release|Any CPU
		{0D0DC6D7-6FCC-4E7E-B4C5-A3ADD62AEF27}.Release|Any CPU.Build.0 = Release|Any CPU
		{DA80D11B-F454-4267-A371-984D8E124EB3}.Debug|Any CPU.ActiveCfg = Debug|Any CPU
		{DA80D11B-F454-4267-A371-984D8E124EB3}.Debug|Any CPU.Build.0 = Debug|Any CPU
		{DA80D11B-F454-4267-A371-984D8E124EB3}.Release|Any CPU.ActiveCfg = Release|Any CPU
		{DA80D11B-F454-4267-A371-984D8E124EB3}.Release|Any CPU.Build.0 = Release|Any CPU
		{1244B085-AE52-47EA-9010-FE6B096F8781}.Debug|Any CPU.ActiveCfg = Debug|Any CPU
		{1244B085-AE52-47EA-9010-FE6B096F8781}.Debug|Any CPU.Build.0 = Debug|Any CPU
		{1244B085-AE52-47EA-9010-FE6B096F8781}.Release|Any CPU.ActiveCfg = Release|Any CPU
		{1244B085-AE52-47EA-9010-FE6B096F8781}.Release|Any CPU.Build.0 = Release|Any CPU
		{5D2FB476-FDFA-4E7E-9100-2BA73379223F}.Debug|Any CPU.ActiveCfg = Debug|Any CPU
		{5D2FB476-FDFA-4E7E-9100-2BA73379223F}.Debug|Any CPU.Build.0 = Debug|Any CPU
		{5D2FB476-FDFA-4E7E-9100-2BA73379223F}.Release|Any CPU.ActiveCfg = Release|Any CPU
		{5D2FB476-FDFA-4E7E-9100-2BA73379223F}.Release|Any CPU.Build.0 = Release|Any CPU
		{0ABE86F1-7699-4AFD-A9D8-8A162FC08EAD}.Debug|Any CPU.ActiveCfg = Debug|Any CPU
		{0ABE86F1-7699-4AFD-A9D8-8A162FC08EAD}.Debug|Any CPU.Build.0 = Debug|Any CPU
		{0ABE86F1-7699-4AFD-A9D8-8A162FC08EAD}.Release|Any CPU.ActiveCfg = Release|Any CPU
		{0ABE86F1-7699-4AFD-A9D8-8A162FC08EAD}.Release|Any CPU.Build.0 = Release|Any CPU
		{2C3C7F70-ECA2-4AD8-8F06-64ADDB1320ED}.Debug|Any CPU.ActiveCfg = Debug|Any CPU
		{2C3C7F70-ECA2-4AD8-8F06-64ADDB1320ED}.Debug|Any CPU.Build.0 = Debug|Any CPU
		{2C3C7F70-ECA2-4AD8-8F06-64ADDB1320ED}.Release|Any CPU.ActiveCfg = Release|Any CPU
		{2C3C7F70-ECA2-4AD8-8F06-64ADDB1320ED}.Release|Any CPU.Build.0 = Release|Any CPU
		{76759A49-1804-4B65-ACE2-3F4DDEEC2647}.Debug|Any CPU.ActiveCfg = Debug|Any CPU
		{76759A49-1804-4B65-ACE2-3F4DDEEC2647}.Debug|Any CPU.Build.0 = Debug|Any CPU
		{76759A49-1804-4B65-ACE2-3F4DDEEC2647}.Release|Any CPU.ActiveCfg = Release|Any CPU
		{76759A49-1804-4B65-ACE2-3F4DDEEC2647}.Release|Any CPU.Build.0 = Release|Any CPU
		{428E3042-8A82-458C-8530-A7B301F3C6B7}.Debug|Any CPU.ActiveCfg = Debug|Any CPU
		{428E3042-8A82-458C-8530-A7B301F3C6B7}.Debug|Any CPU.Build.0 = Debug|Any CPU
		{428E3042-8A82-458C-8530-A7B301F3C6B7}.Release|Any CPU.ActiveCfg = Release|Any CPU
		{428E3042-8A82-458C-8530-A7B301F3C6B7}.Release|Any CPU.Build.0 = Release|Any CPU
		{F6D8325A-B1AB-4E0D-B401-1ABF95F10B2A}.Debug|Any CPU.ActiveCfg = Debug|Any CPU
		{F6D8325A-B1AB-4E0D-B401-1ABF95F10B2A}.Debug|Any CPU.Build.0 = Debug|Any CPU
		{F6D8325A-B1AB-4E0D-B401-1ABF95F10B2A}.Release|Any CPU.ActiveCfg = Release|Any CPU
		{F6D8325A-B1AB-4E0D-B401-1ABF95F10B2A}.Release|Any CPU.Build.0 = Release|Any CPU
		{097918B5-BF05-4422-989B-595DAC2144C7}.Debug|Any CPU.ActiveCfg = Debug|Any CPU
		{097918B5-BF05-4422-989B-595DAC2144C7}.Debug|Any CPU.Build.0 = Debug|Any CPU
		{097918B5-BF05-4422-989B-595DAC2144C7}.Release|Any CPU.ActiveCfg = Release|Any CPU
		{097918B5-BF05-4422-989B-595DAC2144C7}.Release|Any CPU.Build.0 = Release|Any CPU
		{6BE19D4E-4D1A-4535-A354-56CC7E87AE65}.Debug|Any CPU.ActiveCfg = Debug|Any CPU
		{6BE19D4E-4D1A-4535-A354-56CC7E87AE65}.Debug|Any CPU.Build.0 = Debug|Any CPU
		{6BE19D4E-4D1A-4535-A354-56CC7E87AE65}.Release|Any CPU.ActiveCfg = Release|Any CPU
		{6BE19D4E-4D1A-4535-A354-56CC7E87AE65}.Release|Any CPU.Build.0 = Release|Any CPU
		{212D2C14-30E6-4D6D-A560-25C3EEA95332}.Debug|Any CPU.ActiveCfg = Debug|Any CPU
		{212D2C14-30E6-4D6D-A560-25C3EEA95332}.Debug|Any CPU.Build.0 = Debug|Any CPU
		{212D2C14-30E6-4D6D-A560-25C3EEA95332}.Release|Any CPU.ActiveCfg = Release|Any CPU
		{212D2C14-30E6-4D6D-A560-25C3EEA95332}.Release|Any CPU.Build.0 = Release|Any CPU
	EndGlobalSection
	GlobalSection(SolutionProperties) = preSolution
		HideSolutionNode = FALSE
	EndGlobalSection
	GlobalSection(ExtensibilityGlobals) = postSolution
		SolutionGuid = {868C3A8A-9AEB-4F47-9E02-9A7F04690E94}
	EndGlobalSection
EndGlobal
